# This file is automatically @generated by Cargo.
# It is not intended for manual editing.
version = 3

[[package]]
name = "cock-cli"
version = "2.0.0"
dependencies = [
 "cock-lib",
]

[[package]]
name = "cock-lib"
version = "2.1.0"
source = "registry+https://github.com/rust-lang/crates.io-index"
checksum = "345226bf35a0590f48653cc1c96f881dc41202d5dd2adcc4dd3847b22177b0eb"
